// !$*UTF8*$!
{
	archiveVersion = 1;
	classes = {
	};
	objectVersion = 50;
	objects = {

/* Begin PBXBuildFile section */
		DFFF0D982587A1EA008B3BA1 /* AppDelegate.swift in Sources */ = {isa = PBXBuildFile; fileRef = DFFF0D972587A1EA008B3BA1 /* AppDelegate.swift */; };
		DFFF0D9A2587A1EA008B3BA1 /* SceneDelegate.swift in Sources */ = {isa = PBXBuildFile; fileRef = DFFF0D992587A1EA008B3BA1 /* SceneDelegate.swift */; };
		DFFF0D9C2587A1EA008B3BA1 /* VenueSearchVC.swift in Sources */ = {isa = PBXBuildFile; fileRef = DFFF0D9B2587A1EA008B3BA1 /* VenueSearchVC.swift */; };
		DFFF0DA12587A1EC008B3BA1 /* Assets.xcassets in Resources */ = {isa = PBXBuildFile; fileRef = DFFF0DA02587A1EC008B3BA1 /* Assets.xcassets */; };
		DFFF0DA42587A1EC008B3BA1 /* LaunchScreen.storyboard in Resources */ = {isa = PBXBuildFile; fileRef = DFFF0DA22587A1EC008B3BA1 /* LaunchScreen.storyboard */; };
		DFFF0DB125880C07008B3BA1 /* VenueFinderSearchView.swift in Sources */ = {isa = PBXBuildFile; fileRef = DFFF0DB025880C07008B3BA1 /* VenueFinderSearchView.swift */; };
		DFFF0DB425882099008B3BA1 /* UIColor+Helpers.swift in Sources */ = {isa = PBXBuildFile; fileRef = DFFF0DB325882099008B3BA1 /* UIColor+Helpers.swift */; };
		DFFF0DB625883793008B3BA1 /* VenueTableViewCell.swift in Sources */ = {isa = PBXBuildFile; fileRef = DFFF0DB525883793008B3BA1 /* VenueTableViewCell.swift */; };
/* End PBXBuildFile section */

/* Begin PBXFileReference section */
		DFFF0D942587A1EA008B3BA1 /* VenueFinder.app */ = {isa = PBXFileReference; explicitFileType = wrapper.application; includeInIndex = 0; path = VenueFinder.app; sourceTree = BUILT_PRODUCTS_DIR; };
		DFFF0D972587A1EA008B3BA1 /* AppDelegate.swift */ = {isa = PBXFileReference; lastKnownFileType = sourcecode.swift; path = AppDelegate.swift; sourceTree = "<group>"; };
		DFFF0D992587A1EA008B3BA1 /* SceneDelegate.swift */ = {isa = PBXFileReference; lastKnownFileType = sourcecode.swift; path = SceneDelegate.swift; sourceTree = "<group>"; };
		DFFF0D9B2587A1EA008B3BA1 /* VenueSearchVC.swift */ = {isa = PBXFileReference; lastKnownFileType = sourcecode.swift; path = VenueSearchVC.swift; sourceTree = "<group>"; };
		DFFF0DA02587A1EC008B3BA1 /* Assets.xcassets */ = {isa = PBXFileReference; lastKnownFileType = folder.assetcatalog; path = Assets.xcassets; sourceTree = "<group>"; };
		DFFF0DA32587A1EC008B3BA1 /* Base */ = {isa = PBXFileReference; lastKnownFileType = file.storyboard; name = Base; path = Base.lproj/LaunchScreen.storyboard; sourceTree = "<group>"; };
		DFFF0DA52587A1EC008B3BA1 /* Info.plist */ = {isa = PBXFileReference; lastKnownFileType = text.plist.xml; path = Info.plist; sourceTree = "<group>"; };
		DFFF0DB025880C07008B3BA1 /* VenueFinderSearchView.swift */ = {isa = PBXFileReference; lastKnownFileType = sourcecode.swift; path = VenueFinderSearchView.swift; sourceTree = "<group>"; };
		DFFF0DB325882099008B3BA1 /* UIColor+Helpers.swift */ = {isa = PBXFileReference; lastKnownFileType = sourcecode.swift; path = "UIColor+Helpers.swift"; sourceTree = "<group>"; };
		DFFF0DB525883793008B3BA1 /* VenueTableViewCell.swift */ = {isa = PBXFileReference; lastKnownFileType = sourcecode.swift; path = VenueTableViewCell.swift; sourceTree = "<group>"; };
/* End PBXFileReference section */

/* Begin PBXFrameworksBuildPhase section */
		DFFF0D912587A1EA008B3BA1 /* Frameworks */ = {
			isa = PBXFrameworksBuildPhase;
			buildActionMask = 2147483647;
			files = (
			);
			runOnlyForDeploymentPostprocessing = 0;
		};
/* End PBXFrameworksBuildPhase section */

/* Begin PBXGroup section */
		DFFF0D8B2587A1EA008B3BA1 = {
			isa = PBXGroup;
			children = (
				DFFF0D962587A1EA008B3BA1 /* VenueFinder */,
				DFFF0D952587A1EA008B3BA1 /* Products */,
			);
			sourceTree = "<group>";
		};
		DFFF0D952587A1EA008B3BA1 /* Products */ = {
			isa = PBXGroup;
			children = (
				DFFF0D942587A1EA008B3BA1 /* VenueFinder.app */,
			);
			name = Products;
			sourceTree = "<group>";
		};
		DFFF0D962587A1EA008B3BA1 /* VenueFinder */ = {
			isa = PBXGroup;
			children = (
				DFFF0DB225882056008B3BA1 /* Helpers */,
				DFFF0DAF25880BA7008B3BA1 /* Views */,
				DFFF0DAE25880AF5008B3BA1 /* View Controllers */,
				DFFF0D972587A1EA008B3BA1 /* AppDelegate.swift */,
				DFFF0D992587A1EA008B3BA1 /* SceneDelegate.swift */,
				DFFF0DA02587A1EC008B3BA1 /* Assets.xcassets */,
				DFFF0DA22587A1EC008B3BA1 /* LaunchScreen.storyboard */,
				DFFF0DA52587A1EC008B3BA1 /* Info.plist */,
			);
			path = VenueFinder;
			sourceTree = "<group>";
		};
		DFFF0DAE25880AF5008B3BA1 /* View Controllers */ = {
			isa = PBXGroup;
			children = (
				DFFF0D9B2587A1EA008B3BA1 /* VenueSearchVC.swift */,
			);
			path = "View Controllers";
			sourceTree = "<group>";
		};
		DFFF0DAF25880BA7008B3BA1 /* Views */ = {
			isa = PBXGroup;
			children = (
				DFFF0DB025880C07008B3BA1 /* VenueFinderSearchView.swift */,
				DFFF0DB525883793008B3BA1 /* VenueTableViewCell.swift */,
			);
			path = Views;
			sourceTree = "<group>";
		};
		DFFF0DB225882056008B3BA1 /* Helpers */ = {
			isa = PBXGroup;
			children = (
				DFFF0DB325882099008B3BA1 /* UIColor+Helpers.swift */,
			);
			path = Helpers;
			sourceTree = "<group>";
		};
/* End PBXGroup section */

/* Begin PBXNativeTarget section */
		DFFF0D932587A1EA008B3BA1 /* VenueFinder */ = {
			isa = PBXNativeTarget;
			buildConfigurationList = DFFF0DA82587A1EC008B3BA1 /* Build configuration list for PBXNativeTarget "VenueFinder" */;
			buildPhases = (
				DFFF0D902587A1EA008B3BA1 /* Sources */,
				DFFF0D912587A1EA008B3BA1 /* Frameworks */,
				DFFF0D922587A1EA008B3BA1 /* Resources */,
			);
			buildRules = (
			);
			dependencies = (
			);
			name = VenueFinder;
			productName = VenueFinder;
			productReference = DFFF0D942587A1EA008B3BA1 /* VenueFinder.app */;
			productType = "com.apple.product-type.application";
		};
/* End PBXNativeTarget section */

/* Begin PBXProject section */
		DFFF0D8C2587A1EA008B3BA1 /* Project object */ = {
			isa = PBXProject;
			attributes = {
				LastSwiftUpdateCheck = 1170;
				LastUpgradeCheck = 1170;
				ORGANIZATIONNAME = "Nicholas Maher";
				TargetAttributes = {
					DFFF0D932587A1EA008B3BA1 = {
						CreatedOnToolsVersion = 11.7;
					};
				};
			};
			buildConfigurationList = DFFF0D8F2587A1EA008B3BA1 /* Build configuration list for PBXProject "VenueFinder" */;
			compatibilityVersion = "Xcode 9.3";
			developmentRegion = en;
			hasScannedForEncodings = 0;
			knownRegions = (
				en,
				Base,
			);
			mainGroup = DFFF0D8B2587A1EA008B3BA1;
			productRefGroup = DFFF0D952587A1EA008B3BA1 /* Products */;
			projectDirPath = "";
			projectRoot = "";
			targets = (
				DFFF0D932587A1EA008B3BA1 /* VenueFinder */,
			);
		};
/* End PBXProject section */

/* Begin PBXResourcesBuildPhase section */
		DFFF0D922587A1EA008B3BA1 /* Resources */ = {
			isa = PBXResourcesBuildPhase;
			buildActionMask = 2147483647;
			files = (
				DFFF0DA42587A1EC008B3BA1 /* LaunchScreen.storyboard in Resources */,
				DFFF0DA12587A1EC008B3BA1 /* Assets.xcassets in Resources */,
			);
			runOnlyForDeploymentPostprocessing = 0;
		};
/* End PBXResourcesBuildPhase section */

/* Begin PBXSourcesBuildPhase section */
		DFFF0D902587A1EA008B3BA1 /* Sources */ = {
			isa = PBXSourcesBuildPhase;
			buildActionMask = 2147483647;
			files = (
				DFFF0D9C2587A1EA008B3BA1 /* VenueSearchVC.swift in Sources */,
				DFFF0DB425882099008B3BA1 /* UIColor+Helpers.swift in Sources */,
				DFFF0D982587A1EA008B3BA1 /* AppDelegate.swift in Sources */,
				DFFF0DB625883793008B3BA1 /* VenueTableViewCell.swift in Sources */,
				DFFF0DB125880C07008B3BA1 /* VenueFinderSearchView.swift in Sources */,
				DFFF0D9A2587A1EA008B3BA1 /* SceneDelegate.swift in Sources */,
			);
			runOnlyForDeploymentPostprocessing = 0;
		};
/* End PBXSourcesBuildPhase section */

/* Begin PBXVariantGroup section */
		DFFF0DA22587A1EC008B3BA1 /* LaunchScreen.storyboard */ = {
			isa = PBXVariantGroup;
			children = (
				DFFF0DA32587A1EC008B3BA1 /* Base */,
			);
			name = LaunchScreen.storyboard;
			sourceTree = "<group>";
		};
/* End PBXVariantGroup section */

/* Begin XCBuildConfiguration section */
		DFFF0DA62587A1EC008B3BA1 /* Debug */ = {
			isa = XCBuildConfiguration;
			buildSettings = {
				ALWAYS_SEARCH_USER_PATHS = NO;
				CLANG_ANALYZER_NONNULL = YES;
				CLANG_ANALYZER_NUMBER_OBJECT_CONVERSION = YES_AGGRESSIVE;
				CLANG_CXX_LANGUAGE_STANDARD = "gnu++14";
				CLANG_CXX_LIBRARY = "libc++";
				CLANG_ENABLE_MODULES = YES;
				CLANG_ENABLE_OBJC_ARC = YES;
				CLANG_ENABLE_OBJC_WEAK = YES;
				CLANG_WARN_BLOCK_CAPTURE_AUTORELEASING = YES;
				CLANG_WARN_BOOL_CONVERSION = YES;
				CLANG_WARN_COMMA = YES;
				CLANG_WARN_CONSTANT_CONVERSION = YES;
				CLANG_WARN_DEPRECATED_OBJC_IMPLEMENTATIONS = YES;
				CLANG_WARN_DIRECT_OBJC_ISA_USAGE = YES_ERROR;
				CLANG_WARN_DOCUMENTATION_COMMENTS = YES;
				CLANG_WARN_EMPTY_BODY = YES;
				CLANG_WARN_ENUM_CONVERSION = YES;
				CLANG_WARN_INFINITE_RECURSION = YES;
				CLANG_WARN_INT_CONVERSION = YES;
				CLANG_WARN_NON_LITERAL_NULL_CONVERSION = YES;
				CLANG_WARN_OBJC_IMPLICIT_RETAIN_SELF = YES;
				CLANG_WARN_OBJC_LITERAL_CONVERSION = YES;
				CLANG_WARN_OBJC_ROOT_CLASS = YES_ERROR;
				CLANG_WARN_RANGE_LOOP_ANALYSIS = YES;
				CLANG_WARN_STRICT_PROTOTYPES = YES;
				CLANG_WARN_SUSPICIOUS_MOVE = YES;
				CLANG_WARN_UNGUARDED_AVAILABILITY = YES_AGGRESSIVE;
				CLANG_WARN_UNREACHABLE_CODE = YES;
				CLANG_WARN__DUPLICATE_METHOD_MATCH = YES;
				COPY_PHASE_STRIP = NO;
				DEBUG_INFORMATION_FORMAT = dwarf;
				ENABLE_STRICT_OBJC_MSGSEND = YES;
				ENABLE_TESTABILITY = YES;
				GCC_C_LANGUAGE_STANDARD = gnu11;
				GCC_DYNAMIC_NO_PIC = NO;
				GCC_NO_COMMON_BLOCKS = YES;
				GCC_OPTIMIZATION_LEVEL = 0;
				GCC_PREPROCESSOR_DEFINITIONS = (
					"DEBUG=1",
					"$(inherited)",
				);
				GCC_WARN_64_TO_32_BIT_CONVERSION = YES;
				GCC_WARN_ABOUT_RETURN_TYPE = YES_ERROR;
				GCC_WARN_UNDECLARED_SELECTOR = YES;
				GCC_WARN_UNINITIALIZED_AUTOS = YES_AGGRESSIVE;
				GCC_WARN_UNUSED_FUNCTION = YES;
				GCC_WARN_UNUSED_VARIABLE = YES;
				IPHONEOS_DEPLOYMENT_TARGET = 13.7;
				MTL_ENABLE_DEBUG_INFO = INCLUDE_SOURCE;
				MTL_FAST_MATH = YES;
				ONLY_ACTIVE_ARCH = YES;
				SDKROOT = iphoneos;
				SWIFT_ACTIVE_COMPILATION_CONDITIONS = DEBUG;
				SWIFT_OPTIMIZATION_LEVEL = "-Onone";
			};
			name = Debug;
		};
		DFFF0DA72587A1EC008B3BA1 /* Release */ = {
			isa = XCBuildConfiguration;
			buildSettings = {
				ALWAYS_SEARCH_USER_PATHS = NO;
				CLANG_ANALYZER_NONNULL = YES;
				CLANG_ANALYZER_NUMBER_OBJECT_CONVERSION = YES_AGGRESSIVE;
				CLANG_CXX_LANGUAGE_STANDARD = "gnu++14";
				CLANG_CXX_LIBRARY = "libc++";
				CLANG_ENABLE_MODULES = YES;
				CLANG_ENABLE_OBJC_ARC = YES;
				CLANG_ENABLE_OBJC_WEAK = YES;
				CLANG_WARN_BLOCK_CAPTURE_AUTORELEASING = YES;
				CLANG_WARN_BOOL_CONVERSION = YES;
				CLANG_WARN_COMMA = YES;
				CLANG_WARN_CONSTANT_CONVERSION = YES;
				CLANG_WARN_DEPRECATED_OBJC_IMPLEMENTATIONS = YES;
				CLANG_WARN_DIRECT_OBJC_ISA_USAGE = YES_ERROR;
				CLANG_WARN_DOCUMENTATION_COMMENTS = YES;
				CLANG_WARN_EMPTY_BODY = YES;
				CLANG_WARN_ENUM_CONVERSION = YES;
				CLANG_WARN_INFINITE_RECURSION = YES;
				CLANG_WARN_INT_CONVERSION = YES;
				CLANG_WARN_NON_LITERAL_NULL_CONVERSION = YES;
				CLANG_WARN_OBJC_IMPLICIT_RETAIN_SELF = YES;
				CLANG_WARN_OBJC_LITERAL_CONVERSION = YES;
				CLANG_WARN_OBJC_ROOT_CLASS = YES_ERROR;
				CLANG_WARN_RANGE_LOOP_ANALYSIS = YES;
				CLANG_WARN_STRICT_PROTOTYPES = YES;
				CLANG_WARN_SUSPICIOUS_MOVE = YES;
				CLANG_WARN_UNGUARDED_AVAILABILITY = YES_AGGRESSIVE;
				CLANG_WARN_UNREACHABLE_CODE = YES;
				CLANG_WARN__DUPLICATE_METHOD_MATCH = YES;
				COPY_PHASE_STRIP = NO;
				DEBUG_INFORMATION_FORMAT = "dwarf-with-dsym";
				ENABLE_NS_ASSERTIONS = NO;
				ENABLE_STRICT_OBJC_MSGSEND = YES;
				GCC_C_LANGUAGE_STANDARD = gnu11;
				GCC_NO_COMMON_BLOCKS = YES;
				GCC_WARN_64_TO_32_BIT_CONVERSION = YES;
				GCC_WARN_ABOUT_RETURN_TYPE = YES_ERROR;
				GCC_WARN_UNDECLARED_SELECTOR = YES;
				GCC_WARN_UNINITIALIZED_AUTOS = YES_AGGRESSIVE;
				GCC_WARN_UNUSED_FUNCTION = YES;
				GCC_WARN_UNUSED_VARIABLE = YES;
				IPHONEOS_DEPLOYMENT_TARGET = 13.7;
				MTL_ENABLE_DEBUG_INFO = NO;
				MTL_FAST_MATH = YES;
				SDKROOT = iphoneos;
				SWIFT_COMPILATION_MODE = wholemodule;
				SWIFT_OPTIMIZATION_LEVEL = "-O";
				VALIDATE_PRODUCT = YES;
			};
			name = Release;
		};
		DFFF0DA92587A1EC008B3BA1 /* Debug */ = {
			isa = XCBuildConfiguration;
			buildSettings = {
				ASSETCATALOG_COMPILER_APPICON_NAME = AppIcon;
				CODE_SIGN_STYLE = Automatic;
				INFOPLIST_FILE = VenueFinder/Info.plist;
				LD_RUNPATH_SEARCH_PATHS = (
					"$(inherited)",
					"@executable_path/Frameworks",
				);
				PRODUCT_BUNDLE_IDENTIFIER = com.nmaher25.VenueFinder;
				PRODUCT_NAME = "$(TARGET_NAME)";
				SWIFT_VERSION = 5.0;
				TARGETED_DEVICE_FAMILY = "1,2";
			};
			name = Debug;
		};
		DFFF0DAA2587A1EC008B3BA1 /* Release */ = {
			isa = XCBuildConfiguration;
			buildSettings = {
				ASSETCATALOG_COMPILER_APPICON_NAME = AppIcon;
				CODE_SIGN_STYLE = Automatic;
				INFOPLIST_FILE = VenueFinder/Info.plist;
				LD_RUNPATH_SEARCH_PATHS = (
					"$(inherited)",
					"@executable_path/Frameworks",
				);
				PRODUCT_BUNDLE_IDENTIFIER = com.nmaher25.VenueFinder;
				PRODUCT_NAME = "$(TARGET_NAME)";
				SWIFT_VERSION = 5.0;
				TARGETED_DEVICE_FAMILY = "1,2";
			};
			name = Release;
		};
/* End XCBuildConfiguration section */

/* Begin XCConfigurationList section */
		DFFF0D8F2587A1EA008B3BA1 /* Build configuration list for PBXProject "VenueFinder" */ = {
			isa = XCConfigurationList;
			buildConfigurations = (
				DFFF0DA62587A1EC008B3BA1 /* Debug */,
				DFFF0DA72587A1EC008B3BA1 /* Release */,
			);
			defaultConfigurationIsVisible = 0;
			defaultConfigurationName = Release;
		};
		DFFF0DA82587A1EC008B3BA1 /* Build configuration list for PBXNativeTarget "VenueFinder" */ = {
			isa = XCConfigurationList;
			buildConfigurations = (
				DFFF0DA92587A1EC008B3BA1 /* Debug */,
				DFFF0DAA2587A1EC008B3BA1 /* Release */,
			);
			defaultConfigurationIsVisible = 0;
			defaultConfigurationName = Release;
		};
/* End XCConfigurationList section */
	};
	rootObject = DFFF0D8C2587A1EA008B3BA1 /* Project object */;
}
